
Microsoft Visual Studio Solution File, Format Version 12.00
# Visual Studio Version 17
VisualStudioVersion = 17.3.32901.215
MinimumVisualStudioVersion = 10.0.40219.1
Project("{FAE04EC0-301F-11D3-BF4B-00C04F79EFBC}") = "proyecto1", "proyecto1\proyecto1.csproj", "{010D1730-7260-4714-852E-019431207185}"
EndProject
Global
	GlobalSection(SolutionConfigurationPlatforms) = preSolution
		Debug|Any CPU = Debug|Any CPU
		Release|Any CPU = Release|Any CPU
	EndGlobalSection
	GlobalSection(ProjectConfigurationPlatforms) = postSolution
		{010D1730-7260-4714-852E-019431207185}.Debug|Any CPU.ActiveCfg = Debug|Any CPU
		{010D1730-7260-4714-852E-019431207185}.Debug|Any CPU.Build.0 = Debug|Any CPU
		{010D1730-7260-4714-852E-019431207185}.Release|Any CPU.ActiveCfg = Release|Any CPU
		{010D1730-7260-4714-852E-019431207185}.Release|Any CPU.Build.0 = Release|Any CPU
	EndGlobalSection
	GlobalSection(SolutionProperties) = preSolution
		HideSolutionNode = FALSE
	EndGlobalSection
	GlobalSection(ExtensibilityGlobals) = postSolution
		SolutionGuid = {FA90AA0F-23FE-49CC-9C64-FA6E6AA5409C}
	EndGlobalSection
EndGlobal
