
Microsoft Visual Studio Solution File, Format Version 12.00
# Visual Studio Version 16
VisualStudioVersion = 16.0.32901.82
MinimumVisualStudioVersion = 10.0.40219.1
Project("{FAE04EC0-301F-11D3-BF4B-00C04F79EFBC}") = "proyecto72", "proyecto72\proyecto72.csproj", "{8315EDE0-E1C3-49C1-8B4A-1726C787E447}"
EndProject
Global
	GlobalSection(SolutionConfigurationPlatforms) = preSolution
		Debug|Any CPU = Debug|Any CPU
		Release|Any CPU = Release|Any CPU
	EndGlobalSection
	GlobalSection(ProjectConfigurationPlatforms) = postSolution
		{8315EDE0-E1C3-49C1-8B4A-1726C787E447}.Debug|Any CPU.ActiveCfg = Debug|Any CPU
		{8315EDE0-E1C3-49C1-8B4A-1726C787E447}.Debug|Any CPU.Build.0 = Debug|Any CPU
		{8315EDE0-E1C3-49C1-8B4A-1726C787E447}.Release|Any CPU.ActiveCfg = Release|Any CPU
		{8315EDE0-E1C3-49C1-8B4A-1726C787E447}.Release|Any CPU.Build.0 = Release|Any CPU
	EndGlobalSection
	GlobalSection(SolutionProperties) = preSolution
		HideSolutionNode = FALSE
	EndGlobalSection
	GlobalSection(ExtensibilityGlobals) = postSolution
		SolutionGuid = {C88EDC93-C67B-4F8F-8210-1C326C217004}
	EndGlobalSection
EndGlobal
