
Microsoft Visual Studio Solution File, Format Version 12.00
# Visual Studio Version 16
VisualStudioVersion = 16.0.32901.82
MinimumVisualStudioVersion = 10.0.40219.1
Project("{FAE04EC0-301F-11D3-BF4B-00C04F79EFBC}") = "proyecto63", "proyecto63\proyecto63.csproj", "{973CDAFA-E8E8-43F2-8B4D-87C67C8A7EC2}"
EndProject
Global
	GlobalSection(SolutionConfigurationPlatforms) = preSolution
		Debug|Any CPU = Debug|Any CPU
		Release|Any CPU = Release|Any CPU
	EndGlobalSection
	GlobalSection(ProjectConfigurationPlatforms) = postSolution
		{973CDAFA-E8E8-43F2-8B4D-87C67C8A7EC2}.Debug|Any CPU.ActiveCfg = Debug|Any CPU
		{973CDAFA-E8E8-43F2-8B4D-87C67C8A7EC2}.Debug|Any CPU.Build.0 = Debug|Any CPU
		{973CDAFA-E8E8-43F2-8B4D-87C67C8A7EC2}.Release|Any CPU.ActiveCfg = Release|Any CPU
		{973CDAFA-E8E8-43F2-8B4D-87C67C8A7EC2}.Release|Any CPU.Build.0 = Release|Any CPU
	EndGlobalSection
	GlobalSection(SolutionProperties) = preSolution
		HideSolutionNode = FALSE
	EndGlobalSection
	GlobalSection(ExtensibilityGlobals) = postSolution
		SolutionGuid = {E6AAF2F3-9162-46F6-8EAD-97B91EE83709}
	EndGlobalSection
EndGlobal
