
Microsoft Visual Studio Solution File, Format Version 12.00
# Visual Studio Version 16
VisualStudioVersion = 16.0.32901.82
MinimumVisualStudioVersion = 10.0.40219.1
Project("{FAE04EC0-301F-11D3-BF4B-00C04F79EFBC}") = "proyecto45", "proyecto45\proyecto45.csproj", "{1AF340D3-4792-4528-8E78-12E30AF0F561}"
EndProject
Global
	GlobalSection(SolutionConfigurationPlatforms) = preSolution
		Debug|Any CPU = Debug|Any CPU
		Release|Any CPU = Release|Any CPU
	EndGlobalSection
	GlobalSection(ProjectConfigurationPlatforms) = postSolution
		{1AF340D3-4792-4528-8E78-12E30AF0F561}.Debug|Any CPU.ActiveCfg = Debug|Any CPU
		{1AF340D3-4792-4528-8E78-12E30AF0F561}.Debug|Any CPU.Build.0 = Debug|Any CPU
		{1AF340D3-4792-4528-8E78-12E30AF0F561}.Release|Any CPU.ActiveCfg = Release|Any CPU
		{1AF340D3-4792-4528-8E78-12E30AF0F561}.Release|Any CPU.Build.0 = Release|Any CPU
	EndGlobalSection
	GlobalSection(SolutionProperties) = preSolution
		HideSolutionNode = FALSE
	EndGlobalSection
	GlobalSection(ExtensibilityGlobals) = postSolution
		SolutionGuid = {D3517C37-65BF-42EF-93EA-283B8A502BA8}
	EndGlobalSection
EndGlobal
